
Microsoft Visual Studio Solution File, Format Version 12.00
# Visual Studio Version 17
VisualStudioVersion = 17.10.35013.160
MinimumVisualStudioVersion = 10.0.40219.1
Project("{FAE04EC0-301F-11D3-BF4B-00C04F79EFBC}") = "CatsAndPies", "CatsAndPies\CatsAndPies.csproj", "{A68A4CB2-DFF5-4573-994D-8D36696316B7}"
EndProject
Project("{FAE04EC0-301F-11D3-BF4B-00C04F79EFBC}") = "CatsAndPies.DAL", "CatsAndPies.DAL\CatsAndPies.DAL.csproj", "{355646B8-6BA3-4E82-AC41-886A98CC6315}"
EndProject
Project("{FAE04EC0-301F-11D3-BF4B-00C04F79EFBC}") = "CatsAndPies.Domain", "CatsAndPies.Domain\CatsAndPies.Domain.csproj", "{C3E19059-CFE6-43EB-A88A-AF456515949E}"
EndProject
Project("{2150E333-8FDC-42A3-9474-1A3956D46DE8}") = "Элементы решения", "Элементы решения", "{BD3C5C72-B5EB-4BE8-BB9F-5389B598C022}"
	ProjectSection(SolutionItems) = preProject
		Пожелания.txt = Пожелания.txt
	EndProjectSection
EndProject
Project("{FAE04EC0-301F-11D3-BF4B-00C04F79EFBC}") = "CatsAndPies.Services", "CatsAndPies.Services\CatsAndPies.Services.csproj", "{9ADF14C9-B344-431A-9104-AB58EC8C02C2}"
EndProject
Global
	GlobalSection(SolutionConfigurationPlatforms) = preSolution
		Debug|Any CPU = Debug|Any CPU
		Release|Any CPU = Release|Any CPU
	EndGlobalSection
	GlobalSection(ProjectConfigurationPlatforms) = postSolution
		{A68A4CB2-DFF5-4573-994D-8D36696316B7}.Debug|Any CPU.ActiveCfg = Debug|Any CPU
		{A68A4CB2-DFF5-4573-994D-8D36696316B7}.Debug|Any CPU.Build.0 = Debug|Any CPU
		{A68A4CB2-DFF5-4573-994D-8D36696316B7}.Release|Any CPU.ActiveCfg = Release|Any CPU
		{A68A4CB2-DFF5-4573-994D-8D36696316B7}.Release|Any CPU.Build.0 = Release|Any CPU
		{355646B8-6BA3-4E82-AC41-886A98CC6315}.Debug|Any CPU.ActiveCfg = Debug|Any CPU
		{355646B8-6BA3-4E82-AC41-886A98CC6315}.Debug|Any CPU.Build.0 = Debug|Any CPU
		{355646B8-6BA3-4E82-AC41-886A98CC6315}.Release|Any CPU.ActiveCfg = Release|Any CPU
		{355646B8-6BA3-4E82-AC41-886A98CC6315}.Release|Any CPU.Build.0 = Release|Any CPU
		{C3E19059-CFE6-43EB-A88A-AF456515949E}.Debug|Any CPU.ActiveCfg = Debug|Any CPU
		{C3E19059-CFE6-43EB-A88A-AF456515949E}.Debug|Any CPU.Build.0 = Debug|Any CPU
		{C3E19059-CFE6-43EB-A88A-AF456515949E}.Release|Any CPU.ActiveCfg = Release|Any CPU
		{C3E19059-CFE6-43EB-A88A-AF456515949E}.Release|Any CPU.Build.0 = Release|Any CPU
		{9ADF14C9-B344-431A-9104-AB58EC8C02C2}.Debug|Any CPU.ActiveCfg = Debug|Any CPU
		{9ADF14C9-B344-431A-9104-AB58EC8C02C2}.Debug|Any CPU.Build.0 = Debug|Any CPU
		{9ADF14C9-B344-431A-9104-AB58EC8C02C2}.Release|Any CPU.ActiveCfg = Release|Any CPU
		{9ADF14C9-B344-431A-9104-AB58EC8C02C2}.Release|Any CPU.Build.0 = Release|Any CPU
	EndGlobalSection
	GlobalSection(SolutionProperties) = preSolution
		HideSolutionNode = FALSE
	EndGlobalSection
	GlobalSection(ExtensibilityGlobals) = postSolution
		SolutionGuid = {B2558F22-ACA8-4631-8FCE-5E7DA9CBCDBF}
	EndGlobalSection
EndGlobal
